<?xml version="1.0" encoding="utf-8"?>
<Project ToolsVersion="4.0" xmlns="http://schemas.microsoft.com/developer/msbuild/2003">
  <ItemGroup>
    <Filter Include="Source Files">
      <UniqueIdentifier>{4FC737F1-C7A5-4376-A066-2A32D752A2FF}</UniqueIdentifier>
      <Extensions>cpp;c;cc;cxx;def;odl;idl;hpj;bat;asm;asmx</Extensions>
    </Filter>
    <Filter Include="Header Files">
      <UniqueIdentifier>{93995380-89BD-4b04-88EB-625FBE52EBFB}</UniqueIdentifier>
      <Extensions>h;hh;hpp;hxx;hm;inl;inc;xsd</Extensions>
    </Filter>
    <Filter Include="Resource Files">
      <UniqueIdentifier>{67DA6AB6-F800-4c08-8B7A-83BB121AAD01}</UniqueIdentifier>
      <Extensions>rc;ico;cur;bmp;dlg;rc2;rct;bin;rgs;gif;jpg;jpeg;jpe;resx;tiff;tif;png;wav;mfcribbon-ms</Extensions>
    </Filter>
    <Filter Include="Source Files\RenderEngine">
      <UniqueIdentifier>{1c2269ba-e481-4b90-b6eb-e557eea105b7}</UniqueIdentifier>
    </Filter>
    <Filter Include="Source Files\Textures">
      <UniqueIdentifier>{7f097e04-74fd-4e8a-a0be-8eb65c22add3}</UniqueIdentifier>
    </Filter>
    <Filter Include="Source Files\Models">
      <UniqueIdentifier>{9190de97-9f9d-4fec-821f-a10136a0b4d4}</UniqueIdentifier>
    </Filter>
    <Filter Include="Source Files\Shaders">
      <UniqueIdentifier>{edb555eb-1cf8-40cd-a44c-cc672140582a}</UniqueIdentifier>
    </Filter>
    <Filter Include="Source Files\Entities">
      <UniqueIdentifier>{80343a4b-3bd5-43d7-9ee7-19ce0d8f2b86}</UniqueIdentifier>
    </Filter>
    <Filter Include="Source Files\Terrains">
      <UniqueIdentifier>{3e66439e-0f2b-42e9-b65f-758c1b93da1f}</UniqueIdentifier>
    </Filter>
    <Filter Include="Source Files\Gui">
      <UniqueIdentifier>{87d4c401-d37e-45bf-9e53-7e1ff53cd4ee}</UniqueIdentifier>
    </Filter>
    <Filter Include="Source Files\Skybox">
      <UniqueIdentifier>{ee778be3-97c2-4889-9104-7ff2cc4f6f2c}</UniqueIdentifier>
    </Filter>
    <Filter Include="Source Files\ToolBox">
      <UniqueIdentifier>{b8ec3575-afbe-432b-847c-5132c8b1cf8a}</UniqueIdentifier>
    </Filter>
    <Filter Include="Source Files\Fonts">
      <UniqueIdentifier>{2032ff3c-fb19-4758-aad9-694a47fed084}</UniqueIdentifier>
    </Filter>
    <Filter Include="Source Files\Particles">
      <UniqueIdentifier>{8f7bfc8d-ebbd-4a8c-b059-c2e0819d2632}</UniqueIdentifier>
    </Filter>
    <Filter Include="Source Files\Water">
      <UniqueIdentifier>{9b4e60e2-259d-4faf-9f89-c16c4f6422e0}</UniqueIdentifier>
    </Filter>
    <Filter Include="Source Files\RenderEngine\Shadows">
      <UniqueIdentifier>{51b61cae-96c4-448e-b421-58fd523c4014}</UniqueIdentifier>
    </Filter>
  </ItemGroup>
  <ItemGroup>
    <ClCompile Include="TerraForge.cpp">
      <Filter>Source Files</Filter>
    </ClCompile>
    <ClCompile Include="Loader.cpp">
      <Filter>Source Files\RenderEngine</Filter>
    </ClCompile>
    <ClCompile Include="ModelTexture.cpp">
      <Filter>Source Files\Textures</Filter>
    </ClCompile>
    <ClCompile Include="RawModel.cpp">
      <Filter>Source Files\Models</Filter>
    </ClCompile>
    <ClCompile Include="TexturedModel.cpp">
      <Filter>Source Files\Models</Filter>
    </ClCompile>
    <ClCompile Include="Shader.cpp">
      <Filter>Source Files\Shaders</Filter>
    </ClCompile>
    <ClCompile Include="StaticShader.cpp">
      <Filter>Source Files\Shaders</Filter>
    </ClCompile>
    <ClCompile Include="Entity.cpp">
      <Filter>Source Files\Entities</Filter>
    </ClCompile>
    <ClCompile Include="Maths.cpp">
      <Filter>Source Files\ToolBox</Filter>
    </ClCompile>
    <ClCompile Include="OBJLoader.cpp">
      <Filter>Source Files\RenderEngine</Filter>
    </ClCompile>
    <ClCompile Include="StringHelper.cpp">
      <Filter>Source Files\ToolBox</Filter>
    </ClCompile>
    <ClCompile Include="Light.cpp">
      <Filter>Source Files\Entities</Filter>
    </ClCompile>
    <ClCompile Include="MasterRenderer.cpp">
      <Filter>Source Files\RenderEngine</Filter>
    </ClCompile>
    <ClCompile Include="Terrain.cpp">
      <Filter>Source Files\Terrains</Filter>
    </ClCompile>
    <ClCompile Include="EntityRenderer.cpp">
      <Filter>Source Files\RenderEngine</Filter>
    </ClCompile>
    <ClCompile Include="TerrainShader.cpp">
      <Filter>Source Files\Shaders</Filter>
    </ClCompile>
    <ClCompile Include="TerrainRenderer.cpp">
      <Filter>Source Files\RenderEngine</Filter>
    </ClCompile>
    <ClCompile Include="TerrainTexture.cpp">
      <Filter>Source Files\Textures</Filter>
    </ClCompile>
    <ClCompile Include="TerrainTexturePack.cpp">
      <Filter>Source Files\Textures</Filter>
    </ClCompile>
    <ClCompile Include="Player.cpp">
      <Filter>Source Files\Entities</Filter>
    </ClCompile>
    <ClCompile Include="OBJLoader.h">
      <Filter>Source Files\RenderEngine</Filter>
    </ClCompile>
    <ClCompile Include="GuiTexture.cpp">
      <Filter>Source Files\Gui</Filter>
    </ClCompile>
    <ClCompile Include="GuiRenderer.cpp">
      <Filter>Source Files\Gui</Filter>
    </ClCompile>
    <ClCompile Include="GuiShader.cpp">
      <Filter>Source Files\Gui</Filter>
    </ClCompile>
    <ClCompile Include="SkyboxShader.cpp">
      <Filter>Source Files\Skybox</Filter>
    </ClCompile>
    <ClCompile Include="SkyboxRenderer.cpp">
      <Filter>Source Files\Skybox</Filter>
    </ClCompile>
    <ClCompile Include="EntityLamp.cpp">
      <Filter>Source Files\Entities</Filter>
    </ClCompile>
    <ClCompile Include="MousePicker.cpp">
      <Filter>Source Files\ToolBox</Filter>
    </ClCompile>
    <ClCompile Include="Camera.cpp">
      <Filter>Source Files\RenderEngine</Filter>
    </ClCompile>
    <ClCompile Include="FontType.cpp">
      <Filter>Source Files\Fonts</Filter>
    </ClCompile>
    <ClCompile Include="FontShader.cpp">
      <Filter>Source Files\Fonts</Filter>
    </ClCompile>
    <ClCompile Include="FontRenderer.cpp">
      <Filter>Source Files\Fonts</Filter>
    </ClCompile>
    <ClCompile Include="Particle.cpp">
      <Filter>Source Files\Particles</Filter>
    </ClCompile>
    <ClCompile Include="ParticleRenderer.cpp">
      <Filter>Source Files\Particles</Filter>
    </ClCompile>
    <ClCompile Include="ParticleShader.cpp">
      <Filter>Source Files\Particles</Filter>
    </ClCompile>
    <ClCompile Include="ParticleSystem.cpp">
      <Filter>Source Files\Particles</Filter>
    </ClCompile>
    <ClCompile Include="HeightsGenerator.cpp">
      <Filter>Source Files\Terrains</Filter>
    </ClCompile>
    <ClCompile Include="WaterShader.cpp">
      <Filter>Source Files\Water</Filter>
    </ClCompile>
    <ClCompile Include="WaterTile.cpp">
      <Filter>Source Files\Water</Filter>
    </ClCompile>
    <ClCompile Include="WaterFrameBuffers.cpp">
      <Filter>Source Files\Water</Filter>
    </ClCompile>
    <ClCompile Include="ShadowDepthBuffer.cpp">
      <Filter>Source Files\RenderEngine\Shadows</Filter>
    </ClCompile>
    <ClCompile Include="ShadowShader.cpp">
      <Filter>Source Files\RenderEngine\Shadows</Filter>
    </ClCompile>
    <ClCompile Include="ShadowBox.cpp">
      <Filter>Source Files\RenderEngine\Shadows</Filter>
    </ClCompile>
    <ClCompile Include="ShadowRenderer.cpp">
      <Filter>Source Files\RenderEngine\Shadows</Filter>
    </ClCompile>
    <ClCompile Include="WaterRenderer.cpp">
      <Filter>Source Files\Water</Filter>
    </ClCompile>
    <ClCompile Include="ReshapableTerrain.cpp">
      <Filter>Source Files\Terrains</Filter>
    </ClCompile>
  </ItemGroup>
  <ItemGroup>
    <ClInclude Include="Terrain.h">
      <Filter>Source Files\Terrains</Filter>
    </ClInclude>
    <ClInclude Include="Entity.h">
      <Filter>Source Files\Entities</Filter>
    </ClInclude>
    <ClInclude Include="Light.h">
      <Filter>Source Files\Entities</Filter>
    </ClInclude>
    <ClInclude Include="Player.h">
      <Filter>Source Files\Entities</Filter>
    </ClInclude>
    <ClInclude Include="RawModel.h">
      <Filter>Source Files\Models</Filter>
    </ClInclude>
    <ClInclude Include="TexturedModel.h">
      <Filter>Source Files\Models</Filter>
    </ClInclude>
    <ClInclude Include="EntityRenderer.h">
      <Filter>Source Files\RenderEngine</Filter>
    </ClInclude>
    <ClInclude Include="Loader.h">
      <Filter>Source Files\RenderEngine</Filter>
    </ClInclude>
    <ClInclude Include="MasterRenderer.h">
      <Filter>Source Files\RenderEngine</Filter>
    </ClInclude>
    <ClInclude Include="TerrainRenderer.h">
      <Filter>Source Files\RenderEngine</Filter>
    </ClInclude>
    <ClInclude Include="Shader.h">
      <Filter>Source Files\Shaders</Filter>
    </ClInclude>
    <ClInclude Include="StaticShader.h">
      <Filter>Source Files\Shaders</Filter>
    </ClInclude>
    <ClInclude Include="TerrainShader.h">
      <Filter>Source Files\Shaders</Filter>
    </ClInclude>
    <ClInclude Include="ModelTexture.h">
      <Filter>Source Files\Textures</Filter>
    </ClInclude>
    <ClInclude Include="TerrainTexture.h">
      <Filter>Source Files\Textures</Filter>
    </ClInclude>
    <ClInclude Include="TerrainTexturePack.h">
      <Filter>Source Files\Textures</Filter>
    </ClInclude>
    <ClInclude Include="Maths.h">
      <Filter>Source Files\ToolBox</Filter>
    </ClInclude>
    <ClInclude Include="StringHelper.h">
      <Filter>Source Files\ToolBox</Filter>
    </ClInclude>
    <ClInclude Include="TerraForge.h">
      <Filter>Source Files</Filter>
    </ClInclude>
    <ClInclude Include="GuiTexture.h">
      <Filter>Source Files\Gui</Filter>
    </ClInclude>
    <ClInclude Include="GuiRenderer.h">
      <Filter>Source Files\Gui</Filter>
    </ClInclude>
    <ClInclude Include="GuiShader.h">
      <Filter>Source Files\Gui</Filter>
    </ClInclude>
    <ClInclude Include="SkyboxShader.h">
      <Filter>Source Files\Skybox</Filter>
    </ClInclude>
    <ClInclude Include="SkyboxRenderer.h">
      <Filter>Source Files\Skybox</Filter>
    </ClInclude>
    <ClInclude Include="EntityLamp.h">
      <Filter>Source Files\Entities</Filter>
    </ClInclude>
    <ClInclude Include="MousePicker.h">
      <Filter>Source Files\ToolBox</Filter>
    </ClInclude>
    <ClInclude Include="Camera.h">
      <Filter>Source Files\RenderEngine</Filter>
    </ClInclude>
    <ClInclude Include="FontType.h">
      <Filter>Source Files\Fonts</Filter>
    </ClInclude>
    <ClInclude Include="FontShader.h">
      <Filter>Source Files\Fonts</Filter>
    </ClInclude>
    <ClInclude Include="FontRenderer.h">
      <Filter>Source Files\Fonts</Filter>
    </ClInclude>
    <ClInclude Include="Particle.h">
      <Filter>Source Files\Particles</Filter>
    </ClInclude>
    <ClInclude Include="ParticleShader.h">
      <Filter>Source Files\Particles</Filter>
    </ClInclude>
    <ClInclude Include="ParticleRenderer.h">
      <Filter>Source Files\Particles</Filter>
    </ClInclude>
    <ClInclude Include="ParticleSystem.h">
      <Filter>Source Files\Particles</Filter>
    </ClInclude>
    <ClInclude Include="HeightsGenerator.h">
      <Filter>Source Files\Terrains</Filter>
    </ClInclude>
    <ClInclude Include="WaterShader.h">
      <Filter>Source Files\Water</Filter>
    </ClInclude>
    <ClInclude Include="WaterTile.h">
      <Filter>Source Files\Water</Filter>
    </ClInclude>
    <ClInclude Include="WaterRenderer.h">
      <Filter>Source Files\Water</Filter>
    </ClInclude>
    <ClInclude Include="WaterFrameBuffers.h">
      <Filter>Source Files\Water</Filter>
    </ClInclude>
    <ClInclude Include="ShadowDepthBuffer.h">
      <Filter>Source Files\RenderEngine\Shadows</Filter>
    </ClInclude>
    <ClInclude Include="ShadowShader.h">
      <Filter>Source Files\RenderEngine\Shadows</Filter>
    </ClInclude>
    <ClInclude Include="ShadowBox.h">
      <Filter>Source Files\RenderEngine\Shadows</Filter>
    </ClInclude>
    <ClInclude Include="ShadowRenderer.h">
      <Filter>Source Files\RenderEngine\Shadows</Filter>
    </ClInclude>
    <ClInclude Include="ReshapableTerrain.h">
      <Filter>Source Files\Terrains</Filter>
    </ClInclude>
  </ItemGroup>
</Project>